uuid: f1a58c17-a375-4062-87b1-a6578ed84e21
langcode: en
status: true
dependencies:
  module:
    - campus_greeting
active_version: f353e0d1a19af6b2
versioned_properties:
  active:
    settings:
      default_settings:
        id: campus_greeting_block
        label: 'Campus Greeting'
        label_display: '0'
        provider: campus_greeting
    fallback_metadata:
      slot_definitions: null
label: 'Campus Greeting'
id: block.campus_greeting_block
provider: campus_greeting
source: block
source_local_id: campus_greeting_block
